// !$*UTF8*$!
{
	archiveVersion = 1;
	classes = {
	};
	objectVersion = 56;
	objects = {

/* Begin PBXBuildFile section */
		53797A672A423A64003BF753 /* ScoutingApp.swift in Sources */ = {isa = PBXBuildFile; fileRef = 53797A662A423A64003BF753 /* ScoutingApp.swift */; };
		53797A692A423A64003BF753 /* ContentView.swift in Sources */ = {isa = PBXBuildFile; fileRef = 53797A682A423A64003BF753 /* ContentView.swift */; };
		53797A6B2A423A66003BF753 /* Assets.xcassets in Resources */ = {isa = PBXBuildFile; fileRef = 53797A6A2A423A66003BF753 /* Assets.xcassets */; };
		53797A6F2A423A66003BF753 /* Preview Assets.xcassets in Resources */ = {isa = PBXBuildFile; fileRef = 53797A6E2A423A66003BF753 /* Preview Assets.xcassets */; };
		53797A792A423A66003BF753 /* ScoutingTests.swift in Sources */ = {isa = PBXBuildFile; fileRef = 53797A782A423A66003BF753 /* ScoutingTests.swift */; };
		53797A832A423A66003BF753 /* ScoutingUITests.swift in Sources */ = {isa = PBXBuildFile; fileRef = 53797A822A423A66003BF753 /* ScoutingUITests.swift */; };
		53797A852A423A66003BF753 /* ScoutingUITestsLaunchTests.swift in Sources */ = {isa = PBXBuildFile; fileRef = 53797A842A423A66003BF753 /* ScoutingUITestsLaunchTests.swift */; };
/* End PBXBuildFile section */

/* Begin PBXContainerItemProxy section */
		53797A752A423A66003BF753 /* PBXContainerItemProxy */ = {
			isa = PBXContainerItemProxy;
			containerPortal = 53797A5B2A423A64003BF753 /* Project object */;
			proxyType = 1;
			remoteGlobalIDString = 53797A622A423A64003BF753;
			remoteInfo = Scouting;
		};
		53797A7F2A423A66003BF753 /* PBXContainerItemProxy */ = {
			isa = PBXContainerItemProxy;
			containerPortal = 53797A5B2A423A64003BF753 /* Project object */;
			proxyType = 1;
			remoteGlobalIDString = 53797A622A423A64003BF753;
			remoteInfo = Scouting;
		};
/* End PBXContainerItemProxy section */

/* Begin PBXFileReference section */
		53797A632A423A64003BF753 /* Scouting.app */ = {isa = PBXFileReference; explicitFileType = wrapper.application; includeInIndex = 0; path = Scouting.app; sourceTree = BUILT_PRODUCTS_DIR; };
		53797A662A423A64003BF753 /* ScoutingApp.swift */ = {isa = PBXFileReference; lastKnownFileType = sourcecode.swift; path = ScoutingApp.swift; sourceTree = "<group>"; };
		53797A682A423A64003BF753 /* ContentView.swift */ = {isa = PBXFileReference; lastKnownFileType = sourcecode.swift; path = ContentView.swift; sourceTree = "<group>"; };
		53797A6A2A423A66003BF753 /* Assets.xcassets */ = {isa = PBXFileReference; lastKnownFileType = folder.assetcatalog; path = Assets.xcassets; sourceTree = "<group>"; };
		53797A6C2A423A66003BF753 /* Scouting.entitlements */ = {isa = PBXFileReference; lastKnownFileType = text.plist.entitlements; path = Scouting.entitlements; sourceTree = "<group>"; };
		53797A6E2A423A66003BF753 /* Preview Assets.xcassets */ = {isa = PBXFileReference; lastKnownFileType = folder.assetcatalog; path = "Preview Assets.xcassets"; sourceTree = "<group>"; };
		53797A742A423A66003BF753 /* ScoutingTests.xctest */ = {isa = PBXFileReference; explicitFileType = wrapper.cfbundle; includeInIndex = 0; path = ScoutingTests.xctest; sourceTree = BUILT_PRODUCTS_DIR; };
		53797A782A423A66003BF753 /* ScoutingTests.swift */ = {isa = PBXFileReference; lastKnownFileType = sourcecode.swift; path = ScoutingTests.swift; sourceTree = "<group>"; };
		53797A7E2A423A66003BF753 /* ScoutingUITests.xctest */ = {isa = PBXFileReference; explicitFileType = wrapper.cfbundle; includeInIndex = 0; path = ScoutingUITests.xctest; sourceTree = BUILT_PRODUCTS_DIR; };
		53797A822A423A66003BF753 /* ScoutingUITests.swift */ = {isa = PBXFileReference; lastKnownFileType = sourcecode.swift; path = ScoutingUITests.swift; sourceTree = "<group>"; };
		53797A842A423A66003BF753 /* ScoutingUITestsLaunchTests.swift */ = {isa = PBXFileReference; lastKnownFileType = sourcecode.swift; path = ScoutingUITestsLaunchTests.swift; sourceTree = "<group>"; };
/* End PBXFileReference section */

/* Begin PBXFrameworksBuildPhase section */
		53797A602A423A64003BF753 /* Frameworks */ = {
			isa = PBXFrameworksBuildPhase;
			buildActionMask = 2147483647;
			files = (
			);
			runOnlyForDeploymentPostprocessing = 0;
		};
		53797A712A423A66003BF753 /* Frameworks */ = {
			isa = PBXFrameworksBuildPhase;
			buildActionMask = 2147483647;
			files = (
			);
			runOnlyForDeploymentPostprocessing = 0;
		};
		53797A7B2A423A66003BF753 /* Frameworks */ = {
			isa = PBXFrameworksBuildPhase;
			buildActionMask = 2147483647;
			files = (
			);
			runOnlyForDeploymentPostprocessing = 0;
		};
/* End PBXFrameworksBuildPhase section */

/* Begin PBXGroup section */
		53797A5A2A423A64003BF753 = {
			isa = PBXGroup;
			children = (
				53797A652A423A64003BF753 /* Scouting */,
				53797A772A423A66003BF753 /* ScoutingTests */,
				53797A812A423A66003BF753 /* ScoutingUITests */,
				53797A642A423A64003BF753 /* Products */,
			);
			sourceTree = "<group>";
		};
		53797A642A423A64003BF753 /* Products */ = {
			isa = PBXGroup;
			children = (
				53797A632A423A64003BF753 /* Scouting.app */,
				53797A742A423A66003BF753 /* ScoutingTests.xctest */,
				53797A7E2A423A66003BF753 /* ScoutingUITests.xctest */,
			);
			name = Products;
			sourceTree = "<group>";
		};
		53797A652A423A64003BF753 /* Scouting */ = {
			isa = PBXGroup;
			children = (
				53797A662A423A64003BF753 /* ScoutingApp.swift */,
				53797A682A423A64003BF753 /* ContentView.swift */,
				53797A6A2A423A66003BF753 /* Assets.xcassets */,
				53797A6C2A423A66003BF753 /* Scouting.entitlements */,
				53797A6D2A423A66003BF753 /* Preview Content */,
			);
			path = Scouting;
			sourceTree = "<group>";
		};
		53797A6D2A423A66003BF753 /* Preview Content */ = {
			isa = PBXGroup;
			children = (
				53797A6E2A423A66003BF753 /* Preview Assets.xcassets */,
			);
			path = "Preview Content";
			sourceTree = "<group>";
		};
		53797A772A423A66003BF753 /* ScoutingTests */ = {
			isa = PBXGroup;
			children = (
				53797A782A423A66003BF753 /* ScoutingTests.swift */,
			);
			path = ScoutingTests;
			sourceTree = "<group>";
		};
		53797A812A423A66003BF753 /* ScoutingUITests */ = {
			isa = PBXGroup;
			children = (
				53797A822A423A66003BF753 /* ScoutingUITests.swift */,
				53797A842A423A66003BF753 /* ScoutingUITestsLaunchTests.swift */,
			);
			path = ScoutingUITests;
			sourceTree = "<group>";
		};
/* End PBXGroup section */

/* Begin PBXNativeTarget section */
		53797A622A423A64003BF753 /* Scouting */ = {
			isa = PBXNativeTarget;
			buildConfigurationList = 53797A882A423A66003BF753 /* Build configuration list for PBXNativeTarget "Scouting" */;
			buildPhases = (
				53797A5F2A423A64003BF753 /* Sources */,
				53797A602A423A64003BF753 /* Frameworks */,
				53797A612A423A64003BF753 /* Resources */,
			);
			buildRules = (
			);
			dependencies = (
			);
			name = Scouting;
			productName = Scouting;
			productReference = 53797A632A423A64003BF753 /* Scouting.app */;
			productType = "com.apple.product-type.application";
		};
		53797A732A423A66003BF753 /* ScoutingTests */ = {
			isa = PBXNativeTarget;
			buildConfigurationList = 53797A8B2A423A66003BF753 /* Build configuration list for PBXNativeTarget "ScoutingTests" */;
			buildPhases = (
				53797A702A423A66003BF753 /* Sources */,
				53797A712A423A66003BF753 /* Frameworks */,
				53797A722A423A66003BF753 /* Resources */,
			);
			buildRules = (
			);
			dependencies = (
				53797A762A423A66003BF753 /* PBXTargetDependency */,
			);
			name = ScoutingTests;
			productName = ScoutingTests;
			productReference = 53797A742A423A66003BF753 /* ScoutingTests.xctest */;
			productType = "com.apple.product-type.bundle.unit-test";
		};
		53797A7D2A423A66003BF753 /* ScoutingUITests */ = {
			isa = PBXNativeTarget;
			buildConfigurationList = 53797A8E2A423A66003BF753 /* Build configuration list for PBXNativeTarget "ScoutingUITests" */;
			buildPhases = (
				53797A7A2A423A66003BF753 /* Sources */,
				53797A7B2A423A66003BF753 /* Frameworks */,
				53797A7C2A423A66003BF753 /* Resources */,
			);
			buildRules = (
			);
			dependencies = (
				53797A802A423A66003BF753 /* PBXTargetDependency */,
			);
			name = ScoutingUITests;
			productName = ScoutingUITests;
			productReference = 53797A7E2A423A66003BF753 /* ScoutingUITests.xctest */;
			productType = "com.apple.product-type.bundle.ui-testing";
		};
/* End PBXNativeTarget section */

/* Begin PBXProject section */
		53797A5B2A423A64003BF753 /* Project object */ = {
			isa = PBXProject;
			attributes = {
				BuildIndependentTargetsInParallel = 1;
				LastSwiftUpdateCheck = 1430;
				LastUpgradeCheck = 1430;
				TargetAttributes = {
					53797A622A423A64003BF753 = {
						CreatedOnToolsVersion = 14.3.1;
					};
					53797A732A423A66003BF753 = {
						CreatedOnToolsVersion = 14.3.1;
						TestTargetID = 53797A622A423A64003BF753;
					};
					53797A7D2A423A66003BF753 = {
						CreatedOnToolsVersion = 14.3.1;
						TestTargetID = 53797A622A423A64003BF753;
					};
				};
			};
			buildConfigurationList = 53797A5E2A423A64003BF753 /* Build configuration list for PBXProject "Scouting" */;
			compatibilityVersion = "Xcode 14.0";
			developmentRegion = en;
			hasScannedForEncodings = 0;
			knownRegions = (
				en,
				Base,
			);
			mainGroup = 53797A5A2A423A64003BF753;
			productRefGroup = 53797A642A423A64003BF753 /* Products */;
			projectDirPath = "";
			projectRoot = "";
			targets = (
				53797A622A423A64003BF753 /* Scouting */,
				53797A732A423A66003BF753 /* ScoutingTests */,
				53797A7D2A423A66003BF753 /* ScoutingUITests */,
			);
		};
/* End PBXProject section */

/* Begin PBXResourcesBuildPhase section */
		53797A612A423A64003BF753 /* Resources */ = {
			isa = PBXResourcesBuildPhase;
			buildActionMask = 2147483647;
			files = (
				53797A6F2A423A66003BF753 /* Preview Assets.xcassets in Resources */,
				53797A6B2A423A66003BF753 /* Assets.xcassets in Resources */,
			);
			runOnlyForDeploymentPostprocessing = 0;
		};
		53797A722A423A66003BF753 /* Resources */ = {
			isa = PBXResourcesBuildPhase;
			buildActionMask = 2147483647;
			files = (
			);
			runOnlyForDeploymentPostprocessing = 0;
		};
		53797A7C2A423A66003BF753 /* Resources */ = {
			isa = PBXResourcesBuildPhase;
			buildActionMask = 2147483647;
			files = (
			);
			runOnlyForDeploymentPostprocessing = 0;
		};
/* End PBXResourcesBuildPhase section */

/* Begin PBXSourcesBuildPhase section */
		53797A5F2A423A64003BF753 /* Sources */ = {
			isa = PBXSourcesBuildPhase;
			buildActionMask = 2147483647;
			files = (
				53797A692A423A64003BF753 /* ContentView.swift in Sources */,
				53797A672A423A64003BF753 /* ScoutingApp.swift in Sources */,
			);
			runOnlyForDeploymentPostprocessing = 0;
		};
		53797A702A423A66003BF753 /* Sources */ = {
			isa = PBXSourcesBuildPhase;
			buildActionMask = 2147483647;
			files = (
				53797A792A423A66003BF753 /* ScoutingTests.swift in Sources */,
			);
			runOnlyForDeploymentPostprocessing = 0;
		};
		53797A7A2A423A66003BF753 /* Sources */ = {
			isa = PBXSourcesBuildPhase;
			buildActionMask = 2147483647;
			files = (
				53797A852A423A66003BF753 /* ScoutingUITestsLaunchTests.swift in Sources */,
				53797A832A423A66003BF753 /* ScoutingUITests.swift in Sources */,
			);
			runOnlyForDeploymentPostprocessing = 0;
		};
/* End PBXSourcesBuildPhase section */

/* Begin PBXTargetDependency section */
		53797A762A423A66003BF753 /* PBXTargetDependency */ = {
			isa = PBXTargetDependency;
			target = 53797A622A423A64003BF753 /* Scouting */;
			targetProxy = 53797A752A423A66003BF753 /* PBXContainerItemProxy */;
		};
		53797A802A423A66003BF753 /* PBXTargetDependency */ = {
			isa = PBXTargetDependency;
			target = 53797A622A423A64003BF753 /* Scouting */;
			targetProxy = 53797A7F2A423A66003BF753 /* PBXContainerItemProxy */;
		};
/* End PBXTargetDependency section */

/* Begin XCBuildConfiguration section */
		53797A862A423A66003BF753 /* Debug */ = {
			isa = XCBuildConfiguration;
			buildSettings = {
				ALWAYS_SEARCH_USER_PATHS = NO;
				CLANG_ANALYZER_NONNULL = YES;
				CLANG_ANALYZER_NUMBER_OBJECT_CONVERSION = YES_AGGRESSIVE;
				CLANG_CXX_LANGUAGE_STANDARD = "gnu++20";
				CLANG_ENABLE_MODULES = YES;
				CLANG_ENABLE_OBJC_ARC = YES;
				CLANG_ENABLE_OBJC_WEAK = YES;
				CLANG_WARN_BLOCK_CAPTURE_AUTORELEASING = YES;
				CLANG_WARN_BOOL_CONVERSION = YES;
				CLANG_WARN_COMMA = YES;
				CLANG_WARN_CONSTANT_CONVERSION = YES;
				CLANG_WARN_DEPRECATED_OBJC_IMPLEMENTATIONS = YES;
				CLANG_WARN_DIRECT_OBJC_ISA_USAGE = YES_ERROR;
				CLANG_WARN_DOCUMENTATION_COMMENTS = YES;
				CLANG_WARN_EMPTY_BODY = YES;
				CLANG_WARN_ENUM_CONVERSION = YES;
				CLANG_WARN_INFINITE_RECURSION = YES;
				CLANG_WARN_INT_CONVERSION = YES;
				CLANG_WARN_NON_LITERAL_NULL_CONVERSION = YES;
				CLANG_WARN_OBJC_IMPLICIT_RETAIN_SELF = YES;
				CLANG_WARN_OBJC_LITERAL_CONVERSION = YES;
				CLANG_WARN_OBJC_ROOT_CLASS = YES_ERROR;
				CLANG_WARN_QUOTED_INCLUDE_IN_FRAMEWORK_HEADER = YES;
				CLANG_WARN_RANGE_LOOP_ANALYSIS = YES;
				CLANG_WARN_STRICT_PROTOTYPES = YES;
				CLANG_WARN_SUSPICIOUS_MOVE = YES;
				CLANG_WARN_UNGUARDED_AVAILABILITY = YES_AGGRESSIVE;
				CLANG_WARN_UNREACHABLE_CODE = YES;
				CLANG_WARN__DUPLICATE_METHOD_MATCH = YES;
				COPY_PHASE_STRIP = NO;
				DEBUG_INFORMATION_FORMAT = dwarf;
				ENABLE_STRICT_OBJC_MSGSEND = YES;
				ENABLE_TESTABILITY = YES;
				GCC_C_LANGUAGE_STANDARD = gnu11;
				GCC_DYNAMIC_NO_PIC = NO;
				GCC_NO_COMMON_BLOCKS = YES;
				GCC_OPTIMIZATION_LEVEL = 0;
				GCC_PREPROCESSOR_DEFINITIONS = (
					"DEBUG=1",
					"$(inherited)",
				);
				GCC_WARN_64_TO_32_BIT_CONVERSION = YES;
				GCC_WARN_ABOUT_RETURN_TYPE = YES_ERROR;
				GCC_WARN_UNDECLARED_SELECTOR = YES;
				GCC_WARN_UNINITIALIZED_AUTOS = YES_AGGRESSIVE;
				GCC_WARN_UNUSED_FUNCTION = YES;
				GCC_WARN_UNUSED_VARIABLE = YES;
				MTL_ENABLE_DEBUG_INFO = INCLUDE_SOURCE;
				MTL_FAST_MATH = YES;
				ONLY_ACTIVE_ARCH = YES;
				SWIFT_ACTIVE_COMPILATION_CONDITIONS = DEBUG;
				SWIFT_OPTIMIZATION_LEVEL = "-Onone";
			};
			name = Debug;
		};
		53797A872A423A66003BF753 /* Release */ = {
			isa = XCBuildConfiguration;
			buildSettings = {
				ALWAYS_SEARCH_USER_PATHS = NO;
				CLANG_ANALYZER_NONNULL = YES;
				CLANG_ANALYZER_NUMBER_OBJECT_CONVERSION = YES_AGGRESSIVE;
				CLANG_CXX_LANGUAGE_STANDARD = "gnu++20";
				CLANG_ENABLE_MODULES = YES;
				CLANG_ENABLE_OBJC_ARC = YES;
				CLANG_ENABLE_OBJC_WEAK = YES;
				CLANG_WARN_BLOCK_CAPTURE_AUTORELEASING = YES;
				CLANG_WARN_BOOL_CONVERSION = YES;
				CLANG_WARN_COMMA = YES;
				CLANG_WARN_CONSTANT_CONVERSION = YES;
				CLANG_WARN_DEPRECATED_OBJC_IMPLEMENTATIONS = YES;
				CLANG_WARN_DIRECT_OBJC_ISA_USAGE = YES_ERROR;
				CLANG_WARN_DOCUMENTATION_COMMENTS = YES;
				CLANG_WARN_EMPTY_BODY = YES;
				CLANG_WARN_ENUM_CONVERSION = YES;
				CLANG_WARN_INFINITE_RECURSION = YES;
				CLANG_WARN_INT_CONVERSION = YES;
				CLANG_WARN_NON_LITERAL_NULL_CONVERSION = YES;
				CLANG_WARN_OBJC_IMPLICIT_RETAIN_SELF = YES;
				CLANG_WARN_OBJC_LITERAL_CONVERSION = YES;
				CLANG_WARN_OBJC_ROOT_CLASS = YES_ERROR;
				CLANG_WARN_QUOTED_INCLUDE_IN_FRAMEWORK_HEADER = YES;
				CLANG_WARN_RANGE_LOOP_ANALYSIS = YES;
				CLANG_WARN_STRICT_PROTOTYPES = YES;
				CLANG_WARN_SUSPICIOUS_MOVE = YES;
				CLANG_WARN_UNGUARDED_AVAILABILITY = YES_AGGRESSIVE;
				CLANG_WARN_UNREACHABLE_CODE = YES;
				CLANG_WARN__DUPLICATE_METHOD_MATCH = YES;
				COPY_PHASE_STRIP = NO;
				DEBUG_INFORMATION_FORMAT = "dwarf-with-dsym";
				ENABLE_NS_ASSERTIONS = NO;
				ENABLE_STRICT_OBJC_MSGSEND = YES;
				GCC_C_LANGUAGE_STANDARD = gnu11;
				GCC_NO_COMMON_BLOCKS = YES;
				GCC_WARN_64_TO_32_BIT_CONVERSION = YES;
				GCC_WARN_ABOUT_RETURN_TYPE = YES_ERROR;
				GCC_WARN_UNDECLARED_SELECTOR = YES;
				GCC_WARN_UNINITIALIZED_AUTOS = YES_AGGRESSIVE;
				GCC_WARN_UNUSED_FUNCTION = YES;
				GCC_WARN_UNUSED_VARIABLE = YES;
				MTL_ENABLE_DEBUG_INFO = NO;
				MTL_FAST_MATH = YES;
				SWIFT_COMPILATION_MODE = wholemodule;
				SWIFT_OPTIMIZATION_LEVEL = "-O";
			};
			name = Release;
		};
		53797A892A423A66003BF753 /* Debug */ = {
			isa = XCBuildConfiguration;
			buildSettings = {
				ASSETCATALOG_COMPILER_APPICON_NAME = AppIcon;
				ASSETCATALOG_COMPILER_GLOBAL_ACCENT_COLOR_NAME = AccentColor;
				CODE_SIGN_ENTITLEMENTS = Scouting/Scouting.entitlements;
				CODE_SIGN_STYLE = Automatic;
				CURRENT_PROJECT_VERSION = 1;
				DEVELOPMENT_ASSET_PATHS = "\"Scouting/Preview Content\"";
				DEVELOPMENT_TEAM = 924CHTMTUB;
				ENABLE_HARDENED_RUNTIME = YES;
				ENABLE_PREVIEWS = YES;
				GENERATE_INFOPLIST_FILE = YES;
				"INFOPLIST_KEY_UIApplicationSceneManifest_Generation[sdk=iphoneos*]" = YES;
				"INFOPLIST_KEY_UIApplicationSceneManifest_Generation[sdk=iphonesimulator*]" = YES;
				"INFOPLIST_KEY_UIApplicationSupportsIndirectInputEvents[sdk=iphoneos*]" = YES;
				"INFOPLIST_KEY_UIApplicationSupportsIndirectInputEvents[sdk=iphonesimulator*]" = YES;
				"INFOPLIST_KEY_UILaunchScreen_Generation[sdk=iphoneos*]" = YES;
				"INFOPLIST_KEY_UILaunchScreen_Generation[sdk=iphonesimulator*]" = YES;
				"INFOPLIST_KEY_UIStatusBarStyle[sdk=iphoneos*]" = UIStatusBarStyleDefault;
				"INFOPLIST_KEY_UIStatusBarStyle[sdk=iphonesimulator*]" = UIStatusBarStyleDefault;
				INFOPLIST_KEY_UISupportedInterfaceOrientations_iPad = "UIInterfaceOrientationPortrait UIInterfaceOrientationPortraitUpsideDown UIInterfaceOrientationLandscapeLeft UIInterfaceOrientationLandscapeRight";
				INFOPLIST_KEY_UISupportedInterfaceOrientations_iPhone = "UIInterfaceOrientationPortrait UIInterfaceOrientationLandscapeLeft UIInterfaceOrientationLandscapeRight";
				IPHONEOS_DEPLOYMENT_TARGET = 16.4;
				LD_RUNPATH_SEARCH_PATHS = "@executable_path/Frameworks";
				"LD_RUNPATH_SEARCH_PATHS[sdk=macosx*]" = "@executable_path/../Frameworks";
				MACOSX_DEPLOYMENT_TARGET = 13.3;
				MARKETING_VERSION = 1.0;
				PRODUCT_BUNDLE_IDENTIFIER = null.Scouting;
				PRODUCT_NAME = "$(TARGET_NAME)";
				SDKROOT = auto;
				SUPPORTED_PLATFORMS = "iphoneos iphonesimulator macosx";
				SWIFT_EMIT_LOC_STRINGS = YES;
				SWIFT_VERSION = 5.0;
				TARGETED_DEVICE_FAMILY = "1,2";
			};
			name = Debug;
		};
		53797A8A2A423A66003BF753 /* Release */ = {
			isa = XCBuildConfiguration;
			buildSettings = {
				ASSETCATALOG_COMPILER_APPICON_NAME = AppIcon;
				ASSETCATALOG_COMPILER_GLOBAL_ACCENT_COLOR_NAME = AccentColor;
				CODE_SIGN_ENTITLEMENTS = Scouting/Scouting.entitlements;
				CODE_SIGN_STYLE = Automatic;
				CURRENT_PROJECT_VERSION = 1;
				DEVELOPMENT_ASSET_PATHS = "\"Scouting/Preview Content\"";
				DEVELOPMENT_TEAM = 924CHTMTUB;
				ENABLE_HARDENED_RUNTIME = YES;
				ENABLE_PREVIEWS = YES;
				GENERATE_INFOPLIST_FILE = YES;
				"INFOPLIST_KEY_UIApplicationSceneManifest_Generation[sdk=iphoneos*]" = YES;
				"INFOPLIST_KEY_UIApplicationSceneManifest_Generation[sdk=iphonesimulator*]" = YES;
				"INFOPLIST_KEY_UIApplicationSupportsIndirectInputEvents[sdk=iphoneos*]" = YES;
				"INFOPLIST_KEY_UIApplicationSupportsIndirectInputEvents[sdk=iphonesimulator*]" = YES;
				"INFOPLIST_KEY_UILaunchScreen_Generation[sdk=iphoneos*]" = YES;
				"INFOPLIST_KEY_UILaunchScreen_Generation[sdk=iphonesimulator*]" = YES;
				"INFOPLIST_KEY_UIStatusBarStyle[sdk=iphoneos*]" = UIStatusBarStyleDefault;
				"INFOPLIST_KEY_UIStatusBarStyle[sdk=iphonesimulator*]" = UIStatusBarStyleDefault;
				INFOPLIST_KEY_UISupportedInterfaceOrientations_iPad = "UIInterfaceOrientationPortrait UIInterfaceOrientationPortraitUpsideDown UIInterfaceOrientationLandscapeLeft UIInterfaceOrientationLandscapeRight";
				INFOPLIST_KEY_UISupportedInterfaceOrientations_iPhone = "UIInterfaceOrientationPortrait UIInterfaceOrientationLandscapeLeft UIInterfaceOrientationLandscapeRight";
				IPHONEOS_DEPLOYMENT_TARGET = 16.4;
				LD_RUNPATH_SEARCH_PATHS = "@executable_path/Frameworks";
				"LD_RUNPATH_SEARCH_PATHS[sdk=macosx*]" = "@executable_path/../Frameworks";
				MACOSX_DEPLOYMENT_TARGET = 13.3;
				MARKETING_VERSION = 1.0;
				PRODUCT_BUNDLE_IDENTIFIER = null.Scouting;
				PRODUCT_NAME = "$(TARGET_NAME)";
				SDKROOT = auto;
				SUPPORTED_PLATFORMS = "iphoneos iphonesimulator macosx";
				SWIFT_EMIT_LOC_STRINGS = YES;
				SWIFT_VERSION = 5.0;
				TARGETED_DEVICE_FAMILY = "1,2";
			};
			name = Release;
		};
		53797A8C2A423A66003BF753 /* Debug */ = {
			isa = XCBuildConfiguration;
			buildSettings = {
				ALWAYS_EMBED_SWIFT_STANDARD_LIBRARIES = YES;
				BUNDLE_LOADER = "$(TEST_HOST)";
				CODE_SIGN_STYLE = Automatic;
				CURRENT_PROJECT_VERSION = 1;
				DEVELOPMENT_TEAM = 924CHTMTUB;
				GENERATE_INFOPLIST_FILE = YES;
				IPHONEOS_DEPLOYMENT_TARGET = 16.4;
				MACOSX_DEPLOYMENT_TARGET = 13.3;
				MARKETING_VERSION = 1.0;
				PRODUCT_BUNDLE_IDENTIFIER = null.ScoutingTests;
				PRODUCT_NAME = "$(TARGET_NAME)";
				SDKROOT = auto;
				SUPPORTED_PLATFORMS = "iphoneos iphonesimulator macosx";
				SWIFT_EMIT_LOC_STRINGS = NO;
				SWIFT_VERSION = 5.0;
				TARGETED_DEVICE_FAMILY = "1,2";
				TEST_HOST = "$(BUILT_PRODUCTS_DIR)/Scouting.app/$(BUNDLE_EXECUTABLE_FOLDER_PATH)/Scouting";
			};
			name = Debug;
		};
		53797A8D2A423A66003BF753 /* Release */ = {
			isa = XCBuildConfiguration;
			buildSettings = {
				ALWAYS_EMBED_SWIFT_STANDARD_LIBRARIES = YES;
				BUNDLE_LOADER = "$(TEST_HOST)";
				CODE_SIGN_STYLE = Automatic;
				CURRENT_PROJECT_VERSION = 1;
				DEVELOPMENT_TEAM = 924CHTMTUB;
				GENERATE_INFOPLIST_FILE = YES;
				IPHONEOS_DEPLOYMENT_TARGET = 16.4;
				MACOSX_DEPLOYMENT_TARGET = 13.3;
				MARKETING_VERSION = 1.0;
				PRODUCT_BUNDLE_IDENTIFIER = null.ScoutingTests;
				PRODUCT_NAME = "$(TARGET_NAME)";
				SDKROOT = auto;
				SUPPORTED_PLATFORMS = "iphoneos iphonesimulator macosx";
				SWIFT_EMIT_LOC_STRINGS = NO;
				SWIFT_VERSION = 5.0;
				TARGETED_DEVICE_FAMILY = "1,2";
				TEST_HOST = "$(BUILT_PRODUCTS_DIR)/Scouting.app/$(BUNDLE_EXECUTABLE_FOLDER_PATH)/Scouting";
			};
			name = Release;
		};
		53797A8F2A423A66003BF753 /* Debug */ = {
			isa = XCBuildConfiguration;
			buildSettings = {
				ALWAYS_EMBED_SWIFT_STANDARD_LIBRARIES = YES;
				CODE_SIGN_STYLE = Automatic;
				CURRENT_PROJECT_VERSION = 1;
				DEVELOPMENT_TEAM = 924CHTMTUB;
				GENERATE_INFOPLIST_FILE = YES;
				IPHONEOS_DEPLOYMENT_TARGET = 16.4;
				MACOSX_DEPLOYMENT_TARGET = 13.3;
				MARKETING_VERSION = 1.0;
				PRODUCT_BUNDLE_IDENTIFIER = null.ScoutingUITests;
				PRODUCT_NAME = "$(TARGET_NAME)";
				SDKROOT = auto;
				SUPPORTED_PLATFORMS = "iphoneos iphonesimulator macosx";
				SWIFT_EMIT_LOC_STRINGS = NO;
				SWIFT_VERSION = 5.0;
				TARGETED_DEVICE_FAMILY = "1,2";
				TEST_TARGET_NAME = Scouting;
			};
			name = Debug;
		};
		53797A902A423A66003BF753 /* Release */ = {
			isa = XCBuildConfiguration;
			buildSettings = {
				ALWAYS_EMBED_SWIFT_STANDARD_LIBRARIES = YES;
				CODE_SIGN_STYLE = Automatic;
				CURRENT_PROJECT_VERSION = 1;
				DEVELOPMENT_TEAM = 924CHTMTUB;
				GENERATE_INFOPLIST_FILE = YES;
				IPHONEOS_DEPLOYMENT_TARGET = 16.4;
				MACOSX_DEPLOYMENT_TARGET = 13.3;
				MARKETING_VERSION = 1.0;
				PRODUCT_BUNDLE_IDENTIFIER = null.ScoutingUITests;
				PRODUCT_NAME = "$(TARGET_NAME)";
				SDKROOT = auto;
				SUPPORTED_PLATFORMS = "iphoneos iphonesimulator macosx";
				SWIFT_EMIT_LOC_STRINGS = NO;
				SWIFT_VERSION = 5.0;
				TARGETED_DEVICE_FAMILY = "1,2";
				TEST_TARGET_NAME = Scouting;
			};
			name = Release;
		};
/* End XCBuildConfiguration section */

/* Begin XCConfigurationList section */
		53797A5E2A423A64003BF753 /* Build configuration list for PBXProject "Scouting" */ = {
			isa = XCConfigurationList;
			buildConfigurations = (
				53797A862A423A66003BF753 /* Debug */,
				53797A872A423A66003BF753 /* Release */,
			);
			defaultConfigurationIsVisible = 0;
			defaultConfigurationName = Release;
		};
		53797A882A423A66003BF753 /* Build configuration list for PBXNativeTarget "Scouting" */ = {
			isa = XCConfigurationList;
			buildConfigurations = (
				53797A892A423A66003BF753 /* Debug */,
				53797A8A2A423A66003BF753 /* Release */,
			);
			defaultConfigurationIsVisible = 0;
			defaultConfigurationName = Release;
		};
		53797A8B2A423A66003BF753 /* Build configuration list for PBXNativeTarget "ScoutingTests" */ = {
			isa = XCConfigurationList;
			buildConfigurations = (
				53797A8C2A423A66003BF753 /* Debug */,
				53797A8D2A423A66003BF753 /* Release */,
			);
			defaultConfigurationIsVisible = 0;
			defaultConfigurationName = Release;
		};
		53797A8E2A423A66003BF753 /* Build configuration list for PBXNativeTarget "ScoutingUITests" */ = {
			isa = XCConfigurationList;
			buildConfigurations = (
				53797A8F2A423A66003BF753 /* Debug */,
				53797A902A423A66003BF753 /* Release */,
			);
			defaultConfigurationIsVisible = 0;
			defaultConfigurationName = Release;
		};
/* End XCConfigurationList section */
	};
	rootObject = 53797A5B2A423A64003BF753 /* Project object */;
}
